
Microsoft Visual Studio Solution File, Format Version 12.00
# Visual Studio 14
VisualStudioVersion = 14.0.25420.1
MinimumVisualStudioVersion = 10.0.40219.1
Project("{2150E333-8FDC-42A3-9474-1A3956D46DE8}") = "0 - Presentation", "0 - Presentation", "{58EBCB80-8A1C-4FB6-8E8F-351EFA32AE47}"
EndProject
Project("{2150E333-8FDC-42A3-9474-1A3956D46DE8}") = "1 - Services", "1 - Services", "{9383554C-3E27-46F5-9088-1F9D1458C7A2}"
EndProject
Project("{2150E333-8FDC-42A3-9474-1A3956D46DE8}") = "2 - Application", "2 - Application", "{3B36E845-0192-4ECE-859C-5452CA48FBCE}"
EndProject
Project("{2150E333-8FDC-42A3-9474-1A3956D46DE8}") = "3 - Domain", "3 - Domain", "{87FB0A62-D50D-4A38-8709-AADF50431926}"
EndProject
Project("{2150E333-8FDC-42A3-9474-1A3956D46DE8}") = "4 - Infra", "4 - Infra", "{CB0FC2C7-9593-4E5D-816E-CAD9D7A67B8C}"
EndProject
Project("{2150E333-8FDC-42A3-9474-1A3956D46DE8}") = "4.1 - Data", "4.1 - Data", "{8058BFEA-7995-4526-A665-A77FBC3F5A63}"
EndProject
Project("{2150E333-8FDC-42A3-9474-1A3956D46DE8}") = "4.2 - CrossCutting", "4.2 - CrossCutting", "{282ED819-5B20-4AAA-8A9D-417E7705812A}"
EndProject
Project("{FAE04EC0-301F-11D3-BF4B-00C04F79EFBC}") = "StarlineTest.MVC", "StarlineTest.MVC\StarlineTest.MVC.csproj", "{3052EB4F-80FE-44FE-B9B1-40CD17A8FCCB}"
EndProject
Project("{FAE04EC0-301F-11D3-BF4B-00C04F79EFBC}") = "StarlineTest.Domain", "StarlineTest.Domain\StarlineTest.Domain.csproj", "{BA74F7B9-28E0-425B-99F1-5440184925DB}"
EndProject
Project("{FAE04EC0-301F-11D3-BF4B-00C04F79EFBC}") = "StarlineTest.Infra.Data", "StarlineTest.Infra.Data\StarlineTest.Infra.Data.csproj", "{A42906C9-5F0B-4300-A125-97A7BDAEA8F4}"
EndProject
Project("{FAE04EC0-301F-11D3-BF4B-00C04F79EFBC}") = "StarlineTest.Application", "StarlineTest.Application\StarlineTest.Application.csproj", "{79426A24-B7FF-4908-8490-6D8274165B64}"
EndProject
Project("{FAE04EC0-301F-11D3-BF4B-00C04F79EFBC}") = "IoC", "IoC\IoC.csproj", "{7F8CBA87-F11A-4493-ADDE-586677807244}"
EndProject
Project("{FAE04EC0-301F-11D3-BF4B-00C04F79EFBC}") = "StarlineTest.API", "StarlineTest.API\StarlineTest.API.csproj", "{590DDA52-9A08-4A05-BC76-3312F7A2C70A}"
EndProject
Project("{FAE04EC0-301F-11D3-BF4B-00C04F79EFBC}") = "StarlineTest.Domain.Tests", "StarlineTest.Domain.Tests\StarlineTest.Domain.Tests.csproj", "{D0ABF77C-E833-4FA2-8BE8-EBB2A4201DFF}"
EndProject
Global
	GlobalSection(SolutionConfigurationPlatforms) = preSolution
		Debug|Any CPU = Debug|Any CPU
		Release|Any CPU = Release|Any CPU
	EndGlobalSection
	GlobalSection(ProjectConfigurationPlatforms) = postSolution
		{3052EB4F-80FE-44FE-B9B1-40CD17A8FCCB}.Debug|Any CPU.ActiveCfg = Debug|Any CPU
		{3052EB4F-80FE-44FE-B9B1-40CD17A8FCCB}.Debug|Any CPU.Build.0 = Debug|Any CPU
		{3052EB4F-80FE-44FE-B9B1-40CD17A8FCCB}.Release|Any CPU.ActiveCfg = Release|Any CPU
		{3052EB4F-80FE-44FE-B9B1-40CD17A8FCCB}.Release|Any CPU.Build.0 = Release|Any CPU
		{BA74F7B9-28E0-425B-99F1-5440184925DB}.Debug|Any CPU.ActiveCfg = Debug|Any CPU
		{BA74F7B9-28E0-425B-99F1-5440184925DB}.Debug|Any CPU.Build.0 = Debug|Any CPU
		{BA74F7B9-28E0-425B-99F1-5440184925DB}.Release|Any CPU.ActiveCfg = Release|Any CPU
		{BA74F7B9-28E0-425B-99F1-5440184925DB}.Release|Any CPU.Build.0 = Release|Any CPU
		{A42906C9-5F0B-4300-A125-97A7BDAEA8F4}.Debug|Any CPU.ActiveCfg = Debug|Any CPU
		{A42906C9-5F0B-4300-A125-97A7BDAEA8F4}.Debug|Any CPU.Build.0 = Debug|Any CPU
		{A42906C9-5F0B-4300-A125-97A7BDAEA8F4}.Release|Any CPU.ActiveCfg = Release|Any CPU
		{A42906C9-5F0B-4300-A125-97A7BDAEA8F4}.Release|Any CPU.Build.0 = Release|Any CPU
		{79426A24-B7FF-4908-8490-6D8274165B64}.Debug|Any CPU.ActiveCfg = Debug|Any CPU
		{79426A24-B7FF-4908-8490-6D8274165B64}.Debug|Any CPU.Build.0 = Debug|Any CPU
		{79426A24-B7FF-4908-8490-6D8274165B64}.Release|Any CPU.ActiveCfg = Release|Any CPU
		{79426A24-B7FF-4908-8490-6D8274165B64}.Release|Any CPU.Build.0 = Release|Any CPU
		{7F8CBA87-F11A-4493-ADDE-586677807244}.Debug|Any CPU.ActiveCfg = Debug|Any CPU
		{7F8CBA87-F11A-4493-ADDE-586677807244}.Debug|Any CPU.Build.0 = Debug|Any CPU
		{7F8CBA87-F11A-4493-ADDE-586677807244}.Release|Any CPU.ActiveCfg = Release|Any CPU
		{7F8CBA87-F11A-4493-ADDE-586677807244}.Release|Any CPU.Build.0 = Release|Any CPU
		{590DDA52-9A08-4A05-BC76-3312F7A2C70A}.Debug|Any CPU.ActiveCfg = Debug|Any CPU
		{590DDA52-9A08-4A05-BC76-3312F7A2C70A}.Debug|Any CPU.Build.0 = Debug|Any CPU
		{590DDA52-9A08-4A05-BC76-3312F7A2C70A}.Release|Any CPU.ActiveCfg = Release|Any CPU
		{590DDA52-9A08-4A05-BC76-3312F7A2C70A}.Release|Any CPU.Build.0 = Release|Any CPU
		{D0ABF77C-E833-4FA2-8BE8-EBB2A4201DFF}.Debug|Any CPU.ActiveCfg = Debug|Any CPU
		{D0ABF77C-E833-4FA2-8BE8-EBB2A4201DFF}.Debug|Any CPU.Build.0 = Debug|Any CPU
		{D0ABF77C-E833-4FA2-8BE8-EBB2A4201DFF}.Release|Any CPU.ActiveCfg = Release|Any CPU
		{D0ABF77C-E833-4FA2-8BE8-EBB2A4201DFF}.Release|Any CPU.Build.0 = Release|Any CPU
	EndGlobalSection
	GlobalSection(SolutionProperties) = preSolution
		HideSolutionNode = FALSE
	EndGlobalSection
	GlobalSection(NestedProjects) = preSolution
		{8058BFEA-7995-4526-A665-A77FBC3F5A63} = {CB0FC2C7-9593-4E5D-816E-CAD9D7A67B8C}
		{282ED819-5B20-4AAA-8A9D-417E7705812A} = {CB0FC2C7-9593-4E5D-816E-CAD9D7A67B8C}
		{3052EB4F-80FE-44FE-B9B1-40CD17A8FCCB} = {58EBCB80-8A1C-4FB6-8E8F-351EFA32AE47}
		{BA74F7B9-28E0-425B-99F1-5440184925DB} = {87FB0A62-D50D-4A38-8709-AADF50431926}
		{A42906C9-5F0B-4300-A125-97A7BDAEA8F4} = {8058BFEA-7995-4526-A665-A77FBC3F5A63}
		{79426A24-B7FF-4908-8490-6D8274165B64} = {3B36E845-0192-4ECE-859C-5452CA48FBCE}
		{7F8CBA87-F11A-4493-ADDE-586677807244} = {282ED819-5B20-4AAA-8A9D-417E7705812A}
		{590DDA52-9A08-4A05-BC76-3312F7A2C70A} = {58EBCB80-8A1C-4FB6-8E8F-351EFA32AE47}
		{D0ABF77C-E833-4FA2-8BE8-EBB2A4201DFF} = {87FB0A62-D50D-4A38-8709-AADF50431926}
	EndGlobalSection
EndGlobal
